
Microsoft Visual Studio Solution File, Format Version 12.00
# Visual Studio Version 16
VisualStudioVersion = 16.0.30907.101
MinimumVisualStudioVersion = 10.0.40219.1
Project("{9A19103F-16F7-4668-BE54-9A1E7A4F7556}") = "MopidySharp", "MopidySharp\MopidySharp.csproj", "{A91C60D4-42DD-4DAE-AF7A-FE79637FE6B1}"
EndProject
Project("{9A19103F-16F7-4668-BE54-9A1E7A4F7556}") = "MopidySharpTest", "MopidySharpTest\MopidySharpTest.csproj", "{32670820-D2E3-4BEE-BEDA-18CEEE202928}"
EndProject
Global
	GlobalSection(SolutionConfigurationPlatforms) = preSolution
		Debug|Any CPU = Debug|Any CPU
		Release|Any CPU = Release|Any CPU
	EndGlobalSection
	GlobalSection(ProjectConfigurationPlatforms) = postSolution
		{A91C60D4-42DD-4DAE-AF7A-FE79637FE6B1}.Debug|Any CPU.ActiveCfg = Debug|Any CPU
		{A91C60D4-42DD-4DAE-AF7A-FE79637FE6B1}.Debug|Any CPU.Build.0 = Debug|Any CPU
		{A91C60D4-42DD-4DAE-AF7A-FE79637FE6B1}.Release|Any CPU.ActiveCfg = Release|Any CPU
		{A91C60D4-42DD-4DAE-AF7A-FE79637FE6B1}.Release|Any CPU.Build.0 = Release|Any CPU
		{32670820-D2E3-4BEE-BEDA-18CEEE202928}.Debug|Any CPU.ActiveCfg = Debug|Any CPU
		{32670820-D2E3-4BEE-BEDA-18CEEE202928}.Debug|Any CPU.Build.0 = Debug|Any CPU
		{32670820-D2E3-4BEE-BEDA-18CEEE202928}.Release|Any CPU.ActiveCfg = Release|Any CPU
		{32670820-D2E3-4BEE-BEDA-18CEEE202928}.Release|Any CPU.Build.0 = Release|Any CPU
	EndGlobalSection
	GlobalSection(SolutionProperties) = preSolution
		HideSolutionNode = FALSE
	EndGlobalSection
	GlobalSection(ExtensibilityGlobals) = postSolution
		SolutionGuid = {4335BE83-C06A-44FC-B56F-55AC2C701831}
	EndGlobalSection
EndGlobal
